
Microsoft Visual Studio Solution File, Format Version 12.00
# Visual Studio 11
Project("{FAE04EC0-301F-11D3-BF4B-00C04F79EFBC}") = "MahApps.Twitter", "MahApps.Twitter\MahApps.Twitter.csproj", "{6C08A110-6F54-49F1-A3E6-291F9A1E6718}"
EndProject
Global
	GlobalSection(SolutionConfigurationPlatforms) = preSolution
		Debug|Any CPU = Debug|Any CPU
		Release|Any CPU = Release|Any CPU
	EndGlobalSection
	GlobalSection(ProjectConfigurationPlatforms) = postSolution
		{6C08A110-6F54-49F1-A3E6-291F9A1E6718}.Debug|Any CPU.ActiveCfg = Debug|Any CPU
		{6C08A110-6F54-49F1-A3E6-291F9A1E6718}.Debug|Any CPU.Build.0 = Debug|Any CPU
		{6C08A110-6F54-49F1-A3E6-291F9A1E6718}.Release|Any CPU.ActiveCfg = Release|Any CPU
		{6C08A110-6F54-49F1-A3E6-291F9A1E6718}.Release|Any CPU.Build.0 = Release|Any CPU
	EndGlobalSection
	GlobalSection(SolutionProperties) = preSolution
		HideSolutionNode = FALSE
	EndGlobalSection
EndGlobal
